
Microsoft Visual Studio Solution File, Format Version 12.00
# Visual Studio Version 17
VisualStudioVersion = 17.14.36511.14 d17.14
MinimumVisualStudioVersion = 10.0.40219.1
Project("{FAE04EC0-301F-11D3-BF4B-00C04F79EFBC}") = "AkademiQPortfolio", "AkademiQPortfolio\AkademiQPortfolio.csproj", "{2E21FD2D-A9DC-4239-AEAE-E6D7B3EE846D}"
EndProject
Global
	GlobalSection(SolutionConfigurationPlatforms) = preSolution
		Debug|Any CPU = Debug|Any CPU
		Release|Any CPU = Release|Any CPU
	EndGlobalSection
	GlobalSection(ProjectConfigurationPlatforms) = postSolution
		{2E21FD2D-A9DC-4239-AEAE-E6D7B3EE846D}.Debug|Any CPU.ActiveCfg = Debug|Any CPU
		{2E21FD2D-A9DC-4239-AEAE-E6D7B3EE846D}.Debug|Any CPU.Build.0 = Debug|Any CPU
		{2E21FD2D-A9DC-4239-AEAE-E6D7B3EE846D}.Release|Any CPU.ActiveCfg = Release|Any CPU
		{2E21FD2D-A9DC-4239-AEAE-E6D7B3EE846D}.Release|Any CPU.Build.0 = Release|Any CPU
	EndGlobalSection
	GlobalSection(SolutionProperties) = preSolution
		HideSolutionNode = FALSE
	EndGlobalSection
	GlobalSection(ExtensibilityGlobals) = postSolution
		SolutionGuid = {D3794C88-7625-4292-821F-AD4D1A9E86A6}
	EndGlobalSection
EndGlobal
